
Microsoft Visual Studio Solution File, Format Version 12.00
# Visual Studio Version 17
VisualStudioVersion = 17.5.33516.290
MinimumVisualStudioVersion = 10.0.40219.1
Project("{9A19103F-16F7-4668-BE54-9A1E7A4F7556}") = "PatchGenerator", "PatchGenerator.csproj", "{6C0C6F19-2C89-47E1-9B17-279AC9586AC2}"
EndProject
Global
	GlobalSection(SolutionConfigurationPlatforms) = preSolution
		Debug|Any CPU = Debug|Any CPU
		Release|Any CPU = Release|Any CPU
	EndGlobalSection
	GlobalSection(ProjectConfigurationPlatforms) = postSolution
		{6C0C6F19-2C89-47E1-9B17-279AC9586AC2}.Debug|Any CPU.ActiveCfg = Debug|Any CPU
		{6C0C6F19-2C89-47E1-9B17-279AC9586AC2}.Debug|Any CPU.Build.0 = Debug|Any CPU
		{6C0C6F19-2C89-47E1-9B17-279AC9586AC2}.Release|Any CPU.ActiveCfg = Release|Any CPU
		{6C0C6F19-2C89-47E1-9B17-279AC9586AC2}.Release|Any CPU.Build.0 = Release|Any CPU
	EndGlobalSection
	GlobalSection(SolutionProperties) = preSolution
		HideSolutionNode = FALSE
	EndGlobalSection
	GlobalSection(ExtensibilityGlobals) = postSolution
		SolutionGuid = {B209A166-C01B-48C6-81AE-0D3B6FB454FA}
	EndGlobalSection
EndGlobal
