
Microsoft Visual Studio Solution File, Format Version 12.00
# Visual Studio Version 17
VisualStudioVersion = 17.0.31903.59
MinimumVisualStudioVersion = 10.0.40219.1
Project("{FAE04EC0-301F-11D3-BF4B-00C04F79EFBC}") = "Patcher", "Patcher\Patcher.csproj", "{64282123-77F9-41D4-A0C2-8D4F5A8B2A43}"
EndProject
Global
	GlobalSection(SolutionConfigurationPlatforms) = preSolution
		Debug|Any CPU = Debug|Any CPU
		Release|Any CPU = Release|Any CPU
	EndGlobalSection
	GlobalSection(SolutionProperties) = preSolution
		HideSolutionNode = FALSE
	EndGlobalSection
	GlobalSection(ProjectConfigurationPlatforms) = postSolution
		{64282123-77F9-41D4-A0C2-8D4F5A8B2A43}.Debug|Any CPU.ActiveCfg = Debug|Any CPU
		{64282123-77F9-41D4-A0C2-8D4F5A8B2A43}.Debug|Any CPU.Build.0 = Debug|Any CPU
		{64282123-77F9-41D4-A0C2-8D4F5A8B2A43}.Release|Any CPU.ActiveCfg = Release|Any CPU
		{64282123-77F9-41D4-A0C2-8D4F5A8B2A43}.Release|Any CPU.Build.0 = Release|Any CPU
	EndGlobalSection
EndGlobal
