
Microsoft Visual Studio Solution File, Format Version 12.00
# Visual Studio Version 17
VisualStudioVersion = 17.5.33516.290
MinimumVisualStudioVersion = 10.0.40219.1
Project("{9A19103F-16F7-4668-BE54-9A1E7A4F7556}") = "Updater", "Updater.csproj", "{0B58E4EC-9663-49D7-A088-9E6C33563C75}"
EndProject
Global
	GlobalSection(SolutionConfigurationPlatforms) = preSolution
		Debug|Any CPU = Debug|Any CPU
		Release|Any CPU = Release|Any CPU
	EndGlobalSection
	GlobalSection(ProjectConfigurationPlatforms) = postSolution
		{0B58E4EC-9663-49D7-A088-9E6C33563C75}.Debug|Any CPU.ActiveCfg = Debug|Any CPU
		{0B58E4EC-9663-49D7-A088-9E6C33563C75}.Debug|Any CPU.Build.0 = Debug|Any CPU
		{0B58E4EC-9663-49D7-A088-9E6C33563C75}.Release|Any CPU.ActiveCfg = Release|Any CPU
		{0B58E4EC-9663-49D7-A088-9E6C33563C75}.Release|Any CPU.Build.0 = Release|Any CPU
	EndGlobalSection
	GlobalSection(SolutionProperties) = preSolution
		HideSolutionNode = FALSE
	EndGlobalSection
	GlobalSection(ExtensibilityGlobals) = postSolution
		SolutionGuid = {B9758FF9-E5C1-4487-B6A1-FCE8CBDE2CD3}
	EndGlobalSection
EndGlobal
